
Microsoft Visual Studio Solution File, Format Version 12.00
# Visual Studio Version 17
VisualStudioVersion = 17.3.32929.385
MinimumVisualStudioVersion = 10.0.40219.1
Project("{FAE04EC0-301F-11D3-BF4B-00C04F79EFBC}") = "Troco_verificado", "Troco_verificado.csproj", "{81F37F62-F6BC-4A3E-89DB-434FE67278F5}"
EndProject
Global
	GlobalSection(SolutionConfigurationPlatforms) = preSolution
		Debug|Any CPU = Debug|Any CPU
		Release|Any CPU = Release|Any CPU
	EndGlobalSection
	GlobalSection(ProjectConfigurationPlatforms) = postSolution
		{81F37F62-F6BC-4A3E-89DB-434FE67278F5}.Debug|Any CPU.ActiveCfg = Debug|Any CPU
		{81F37F62-F6BC-4A3E-89DB-434FE67278F5}.Debug|Any CPU.Build.0 = Debug|Any CPU
		{81F37F62-F6BC-4A3E-89DB-434FE67278F5}.Release|Any CPU.ActiveCfg = Release|Any CPU
		{81F37F62-F6BC-4A3E-89DB-434FE67278F5}.Release|Any CPU.Build.0 = Release|Any CPU
	EndGlobalSection
	GlobalSection(SolutionProperties) = preSolution
		HideSolutionNode = FALSE
	EndGlobalSection
	GlobalSection(ExtensibilityGlobals) = postSolution
		SolutionGuid = {5FDC9D54-D944-4BFD-A84A-3A56C616DDA9}
	EndGlobalSection
EndGlobal
