
Microsoft Visual Studio Solution File, Format Version 12.00
# Visual Studio Version 17
VisualStudioVersion = 17.3.32929.385
MinimumVisualStudioVersion = 10.0.40219.1
Project("{FAE04EC0-301F-11D3-BF4B-00C04F79EFBC}") = "Media_idades", "Media_idades.csproj", "{6DDF0D86-779B-47FD-8C2F-A5754B16D34D}"
EndProject
Global
	GlobalSection(SolutionConfigurationPlatforms) = preSolution
		Debug|Any CPU = Debug|Any CPU
		Release|Any CPU = Release|Any CPU
	EndGlobalSection
	GlobalSection(ProjectConfigurationPlatforms) = postSolution
		{6DDF0D86-779B-47FD-8C2F-A5754B16D34D}.Debug|Any CPU.ActiveCfg = Debug|Any CPU
		{6DDF0D86-779B-47FD-8C2F-A5754B16D34D}.Debug|Any CPU.Build.0 = Debug|Any CPU
		{6DDF0D86-779B-47FD-8C2F-A5754B16D34D}.Release|Any CPU.ActiveCfg = Release|Any CPU
		{6DDF0D86-779B-47FD-8C2F-A5754B16D34D}.Release|Any CPU.Build.0 = Release|Any CPU
	EndGlobalSection
	GlobalSection(SolutionProperties) = preSolution
		HideSolutionNode = FALSE
	EndGlobalSection
	GlobalSection(ExtensibilityGlobals) = postSolution
		SolutionGuid = {6883E19B-D4BF-496F-8807-AE5BF233A87F}
	EndGlobalSection
EndGlobal
