
Microsoft Visual Studio Solution File, Format Version 12.00
# Visual Studio Version 17
VisualStudioVersion = 17.3.32929.385
MinimumVisualStudioVersion = 10.0.40219.1
Project("{FAE04EC0-301F-11D3-BF4B-00C04F79EFBC}") = "Par_fora", "Par_fora.csproj", "{A1ACD036-1AAD-4BA0-9F7E-3A7BA31B957B}"
EndProject
Global
	GlobalSection(SolutionConfigurationPlatforms) = preSolution
		Debug|Any CPU = Debug|Any CPU
		Release|Any CPU = Release|Any CPU
	EndGlobalSection
	GlobalSection(ProjectConfigurationPlatforms) = postSolution
		{A1ACD036-1AAD-4BA0-9F7E-3A7BA31B957B}.Debug|Any CPU.ActiveCfg = Debug|Any CPU
		{A1ACD036-1AAD-4BA0-9F7E-3A7BA31B957B}.Debug|Any CPU.Build.0 = Debug|Any CPU
		{A1ACD036-1AAD-4BA0-9F7E-3A7BA31B957B}.Release|Any CPU.ActiveCfg = Release|Any CPU
		{A1ACD036-1AAD-4BA0-9F7E-3A7BA31B957B}.Release|Any CPU.Build.0 = Release|Any CPU
	EndGlobalSection
	GlobalSection(SolutionProperties) = preSolution
		HideSolutionNode = FALSE
	EndGlobalSection
	GlobalSection(ExtensibilityGlobals) = postSolution
		SolutionGuid = {2F7EA105-3FCD-427B-96E3-F4FF58193EBC}
	EndGlobalSection
EndGlobal
